// !$*UTF8*$!
{
	archiveVersion = 1;
	classes = {
	};
	objectVersion = 56;
	objects = {

/* Begin PBXBuildFile section */
		A0327A2D2B94B6B5001318C3 /* TrendingViewModel.swift in Sources */ = {isa = PBXBuildFile; fileRef = A0327A2C2B94B6B5001318C3 /* TrendingViewModel.swift */; };
		A0327A2F2B94EC4F001318C3 /* Number+Extesion.swift in Sources */ = {isa = PBXBuildFile; fileRef = A0327A2E2B94EC4F001318C3 /* Number+Extesion.swift */; };
		A0327A312B95219B001318C3 /* Date+Extension.swift in Sources */ = {isa = PBXBuildFile; fileRef = A0327A302B95219B001318C3 /* Date+Extension.swift */; };
		A0327A332B952456001318C3 /* MoreCollectionViewCell.swift in Sources */ = {isa = PBXBuildFile; fileRef = A0327A322B952456001318C3 /* MoreCollectionViewCell.swift */; };
		A0327A352B9527AE001318C3 /* ProfileTableViewCell.swift in Sources */ = {isa = PBXBuildFile; fileRef = A0327A342B9527AD001318C3 /* ProfileTableViewCell.swift */; };
		A03718822B90208B00AF5570 /* RealmModel.swift in Sources */ = {isa = PBXBuildFile; fileRef = A03718812B90208B00AF5570 /* RealmModel.swift */; };
		A03718852B90353600AF5570 /* RealmRepository.swift in Sources */ = {isa = PBXBuildFile; fileRef = A03718842B90353600AF5570 /* RealmRepository.swift */; };
		A037188A2B90B34F00AF5570 /* ChartsInfoCollectionViewCell.swift in Sources */ = {isa = PBXBuildFile; fileRef = A03718892B90B34F00AF5570 /* ChartsInfoCollectionViewCell.swift */; };
		A0536C5C2B943C3800C35738 /* FavoriteViewModel.swift in Sources */ = {isa = PBXBuildFile; fileRef = A0536C5B2B943C3800C35738 /* FavoriteViewModel.swift */; };
		A09E2AF32B8DA9AD00961823 /* AppDelegate.swift in Sources */ = {isa = PBXBuildFile; fileRef = A09E2AF22B8DA9AD00961823 /* AppDelegate.swift */; };
		A09E2AF52B8DA9AD00961823 /* SceneDelegate.swift in Sources */ = {isa = PBXBuildFile; fileRef = A09E2AF42B8DA9AD00961823 /* SceneDelegate.swift */; };
		A09E2AFA2B8DA9AD00961823 /* Main.storyboard in Resources */ = {isa = PBXBuildFile; fileRef = A09E2AF82B8DA9AD00961823 /* Main.storyboard */; };
		A09E2AFC2B8DA9B000961823 /* Assets.xcassets in Resources */ = {isa = PBXBuildFile; fileRef = A09E2AFB2B8DA9B000961823 /* Assets.xcassets */; };
		A09E2AFF2B8DA9B000961823 /* LaunchScreen.storyboard in Resources */ = {isa = PBXBuildFile; fileRef = A09E2AFD2B8DA9B000961823 /* LaunchScreen.storyboard */; };
		A09E2B082B8DAA8900961823 /* BaseViewController.swift in Sources */ = {isa = PBXBuildFile; fileRef = A09E2B072B8DAA8900961823 /* BaseViewController.swift */; };
		A09E2B0B2B8DB1B000961823 /* BaseTableViewCell.swift in Sources */ = {isa = PBXBuildFile; fileRef = A09E2B0A2B8DB1B000961823 /* BaseTableViewCell.swift */; };
		A09E2B0D2B8DB1F400961823 /* BaseCollectionViewCell.swift in Sources */ = {isa = PBXBuildFile; fileRef = A09E2B0C2B8DB1F400961823 /* BaseCollectionViewCell.swift */; };
		A09E2B132B8DB2CE00961823 /* SearchViewController.swift in Sources */ = {isa = PBXBuildFile; fileRef = A09E2B122B8DB2CE00961823 /* SearchViewController.swift */; };
		A09E2B162B8DB2EE00961823 /* SnapKit in Frameworks */ = {isa = PBXBuildFile; productRef = A09E2B152B8DB2EE00961823 /* SnapKit */; };
		A09E2B192B8DB2FA00961823 /* Alamofire in Frameworks */ = {isa = PBXBuildFile; productRef = A09E2B182B8DB2FA00961823 /* Alamofire */; };
		A09E2B1C2B8DB31B00961823 /* Realm in Frameworks */ = {isa = PBXBuildFile; productRef = A09E2B1B2B8DB31B00961823 /* Realm */; };
		A09E2B1E2B8DB31B00961823 /* RealmSwift in Frameworks */ = {isa = PBXBuildFile; productRef = A09E2B1D2B8DB31B00961823 /* RealmSwift */; };
		A09E2B212B8DB32800961823 /* Toast in Frameworks */ = {isa = PBXBuildFile; productRef = A09E2B202B8DB32800961823 /* Toast */; };
		A09E2B242B8DB3EE00961823 /* Observable.swift in Sources */ = {isa = PBXBuildFile; fileRef = A09E2B232B8DB3EE00961823 /* Observable.swift */; };
		A09E2B262B8DB43000961823 /* SearchViewModel.swift in Sources */ = {isa = PBXBuildFile; fileRef = A09E2B252B8DB43000961823 /* SearchViewModel.swift */; };
		A09E2B282B8DB5B800961823 /* SearchTableViewCell.swift in Sources */ = {isa = PBXBuildFile; fileRef = A09E2B272B8DB5B800961823 /* SearchTableViewCell.swift */; };
		A09E2B2B2B8DBCC200961823 /* CustomTabBarController.swift in Sources */ = {isa = PBXBuildFile; fileRef = A09E2B2A2B8DBCC200961823 /* CustomTabBarController.swift */; };
		A09E2B2D2B8DBCEB00961823 /* CustomNavigationController.swift in Sources */ = {isa = PBXBuildFile; fileRef = A09E2B2C2B8DBCEB00961823 /* CustomNavigationController.swift */; };
		A09E2B2F2B8DBDF600961823 /* TrendingViewController.swift in Sources */ = {isa = PBXBuildFile; fileRef = A09E2B2E2B8DBDF600961823 /* TrendingViewController.swift */; };
		A09E2B312B8DBE0F00961823 /* FavoriteViewController.swift in Sources */ = {isa = PBXBuildFile; fileRef = A09E2B302B8DBE0F00961823 /* FavoriteViewController.swift */; };
		A09E2B342B8DBE5E00961823 /* ProfileViewController.swift in Sources */ = {isa = PBXBuildFile; fileRef = A09E2B332B8DBE5E00961823 /* ProfileViewController.swift */; };
		A09E2B362B8DC08500961823 /* ChartViewController.swift in Sources */ = {isa = PBXBuildFile; fileRef = A09E2B352B8DC08500961823 /* ChartViewController.swift */; };
		A09E2B392B8DC40A00961823 /* Search.swift in Sources */ = {isa = PBXBuildFile; fileRef = A09E2B382B8DC40A00961823 /* Search.swift */; };
		A09E2B3B2B8DC44B00961823 /* CoinAPIManager.swift in Sources */ = {isa = PBXBuildFile; fileRef = A09E2B3A2B8DC44B00961823 /* CoinAPIManager.swift */; };
		A09E2B3D2B8DC5B500961823 /* CoinAPI.swift in Sources */ = {isa = PBXBuildFile; fileRef = A09E2B3C2B8DC5B500961823 /* CoinAPI.swift */; };
		A09E2B422B8DDDE100961823 /* Kingfisher in Frameworks */ = {isa = PBXBuildFile; productRef = A09E2B412B8DDDE100961823 /* Kingfisher */; };
		A09E2B442B8DF83300961823 /* MyFavoriteCollectionViewCell.swift in Sources */ = {isa = PBXBuildFile; fileRef = A09E2B432B8DF83300961823 /* MyFavoriteCollectionViewCell.swift */; };
		A09E2B472B8DFAF600961823 /* CoinInfoBox.swift in Sources */ = {isa = PBXBuildFile; fileRef = A09E2B462B8DFAF600961823 /* CoinInfoBox.swift */; };
		A09E2B492B8E03ED00961823 /* Market.swift in Sources */ = {isa = PBXBuildFile; fileRef = A09E2B482B8E03ED00961823 /* Market.swift */; };
		A09E2B4B2B8E058400961823 /* ChartViewModel.swift in Sources */ = {isa = PBXBuildFile; fileRef = A09E2B4A2B8E058400961823 /* ChartViewModel.swift */; };
		A09E2B4E2B8EBB8800961823 /* FavoriteCollectoinViewCell.swift in Sources */ = {isa = PBXBuildFile; fileRef = A09E2B4D2B8EBB8800961823 /* FavoriteCollectoinViewCell.swift */; };
		A09E2B742B8F03E500961823 /* TopRankCollectionViewCell.swift in Sources */ = {isa = PBXBuildFile; fileRef = A09E2B732B8F03E500961823 /* TopRankCollectionViewCell.swift */; };
		A09E2B762B8F1DAD00961823 /* SeparatorCollectionReusableView.swift in Sources */ = {isa = PBXBuildFile; fileRef = A09E2B752B8F1DAD00961823 /* SeparatorCollectionReusableView.swift */; };
		A09E2B782B8F22E100961823 /* HeaderCollectionViewCell.swift in Sources */ = {isa = PBXBuildFile; fileRef = A09E2B772B8F22E100961823 /* HeaderCollectionViewCell.swift */; };
		A09E2B7A2B8F23AE00961823 /* BaseCollectionReusableView.swift in Sources */ = {isa = PBXBuildFile; fileRef = A09E2B792B8F23AE00961823 /* BaseCollectionReusableView.swift */; };
		A09E2B7C2B8F281700961823 /* Trending.swift in Sources */ = {isa = PBXBuildFile; fileRef = A09E2B7B2B8F281700961823 /* Trending.swift */; };
		A09E2B7F2B8F371000961823 /* DGCharts in Frameworks */ = {isa = PBXBuildFile; productRef = A09E2B7E2B8F371000961823 /* DGCharts */; };
		A09E2B842B8F6E4700961823 /* UIViewController+Extension.swift in Sources */ = {isa = PBXBuildFile; fileRef = A09E2B832B8F6E4700961823 /* UIViewController+Extension.swift */; };
/* End PBXBuildFile section */

/* Begin PBXFileReference section */
		A0327A2C2B94B6B5001318C3 /* TrendingViewModel.swift */ = {isa = PBXFileReference; lastKnownFileType = sourcecode.swift; path = TrendingViewModel.swift; sourceTree = "<group>"; };
		A0327A2E2B94EC4F001318C3 /* Number+Extesion.swift */ = {isa = PBXFileReference; lastKnownFileType = sourcecode.swift; path = "Number+Extesion.swift"; sourceTree = "<group>"; };
		A0327A302B95219B001318C3 /* Date+Extension.swift */ = {isa = PBXFileReference; lastKnownFileType = sourcecode.swift; path = "Date+Extension.swift"; sourceTree = "<group>"; };
		A0327A322B952456001318C3 /* MoreCollectionViewCell.swift */ = {isa = PBXFileReference; lastKnownFileType = sourcecode.swift; path = MoreCollectionViewCell.swift; sourceTree = "<group>"; };
		A0327A342B9527AD001318C3 /* ProfileTableViewCell.swift */ = {isa = PBXFileReference; lastKnownFileType = sourcecode.swift; path = ProfileTableViewCell.swift; sourceTree = "<group>"; };
		A03718812B90208B00AF5570 /* RealmModel.swift */ = {isa = PBXFileReference; lastKnownFileType = sourcecode.swift; path = RealmModel.swift; sourceTree = "<group>"; };
		A03718842B90353600AF5570 /* RealmRepository.swift */ = {isa = PBXFileReference; lastKnownFileType = sourcecode.swift; path = RealmRepository.swift; sourceTree = "<group>"; };
		A03718892B90B34F00AF5570 /* ChartsInfoCollectionViewCell.swift */ = {isa = PBXFileReference; lastKnownFileType = sourcecode.swift; path = ChartsInfoCollectionViewCell.swift; sourceTree = "<group>"; };
		A0536C5B2B943C3800C35738 /* FavoriteViewModel.swift */ = {isa = PBXFileReference; lastKnownFileType = sourcecode.swift; path = FavoriteViewModel.swift; sourceTree = "<group>"; };
		A09E2AEF2B8DA9AD00961823 /* CryptoCoinChart.app */ = {isa = PBXFileReference; explicitFileType = wrapper.application; includeInIndex = 0; path = CryptoCoinChart.app; sourceTree = BUILT_PRODUCTS_DIR; };
		A09E2AF22B8DA9AD00961823 /* AppDelegate.swift */ = {isa = PBXFileReference; lastKnownFileType = sourcecode.swift; path = AppDelegate.swift; sourceTree = "<group>"; };
		A09E2AF42B8DA9AD00961823 /* SceneDelegate.swift */ = {isa = PBXFileReference; lastKnownFileType = sourcecode.swift; path = SceneDelegate.swift; sourceTree = "<group>"; };
		A09E2AF92B8DA9AD00961823 /* Base */ = {isa = PBXFileReference; lastKnownFileType = file.storyboard; name = Base; path = Base.lproj/Main.storyboard; sourceTree = "<group>"; };
		A09E2AFB2B8DA9B000961823 /* Assets.xcassets */ = {isa = PBXFileReference; lastKnownFileType = folder.assetcatalog; path = Assets.xcassets; sourceTree = "<group>"; };
		A09E2AFE2B8DA9B000961823 /* Base */ = {isa = PBXFileReference; lastKnownFileType = file.storyboard; name = Base; path = Base.lproj/LaunchScreen.storyboard; sourceTree = "<group>"; };
		A09E2B002B8DA9B000961823 /* Info.plist */ = {isa = PBXFileReference; lastKnownFileType = text.plist.xml; path = Info.plist; sourceTree = "<group>"; };
		A09E2B072B8DAA8900961823 /* BaseViewController.swift */ = {isa = PBXFileReference; lastKnownFileType = sourcecode.swift; path = BaseViewController.swift; sourceTree = "<group>"; };
		A09E2B0A2B8DB1B000961823 /* BaseTableViewCell.swift */ = {isa = PBXFileReference; lastKnownFileType = sourcecode.swift; path = BaseTableViewCell.swift; sourceTree = "<group>"; };
		A09E2B0C2B8DB1F400961823 /* BaseCollectionViewCell.swift */ = {isa = PBXFileReference; lastKnownFileType = sourcecode.swift; path = BaseCollectionViewCell.swift; sourceTree = "<group>"; };
		A09E2B122B8DB2CE00961823 /* SearchViewController.swift */ = {isa = PBXFileReference; lastKnownFileType = sourcecode.swift; path = SearchViewController.swift; sourceTree = "<group>"; };
		A09E2B232B8DB3EE00961823 /* Observable.swift */ = {isa = PBXFileReference; lastKnownFileType = sourcecode.swift; path = Observable.swift; sourceTree = "<group>"; };
		A09E2B252B8DB43000961823 /* SearchViewModel.swift */ = {isa = PBXFileReference; lastKnownFileType = sourcecode.swift; path = SearchViewModel.swift; sourceTree = "<group>"; };
		A09E2B272B8DB5B800961823 /* SearchTableViewCell.swift */ = {isa = PBXFileReference; lastKnownFileType = sourcecode.swift; name = SearchTableViewCell.swift; path = ../SearchTableViewCell.swift; sourceTree = "<group>"; };
		A09E2B2A2B8DBCC200961823 /* CustomTabBarController.swift */ = {isa = PBXFileReference; lastKnownFileType = sourcecode.swift; path = CustomTabBarController.swift; sourceTree = "<group>"; };
		A09E2B2C2B8DBCEB00961823 /* CustomNavigationController.swift */ = {isa = PBXFileReference; lastKnownFileType = sourcecode.swift; path = CustomNavigationController.swift; sourceTree = "<group>"; };
		A09E2B2E2B8DBDF600961823 /* TrendingViewController.swift */ = {isa = PBXFileReference; lastKnownFileType = sourcecode.swift; path = TrendingViewController.swift; sourceTree = "<group>"; };
		A09E2B302B8DBE0F00961823 /* FavoriteViewController.swift */ = {isa = PBXFileReference; lastKnownFileType = sourcecode.swift; path = FavoriteViewController.swift; sourceTree = "<group>"; };
		A09E2B332B8DBE5E00961823 /* ProfileViewController.swift */ = {isa = PBXFileReference; lastKnownFileType = sourcecode.swift; path = ProfileViewController.swift; sourceTree = "<group>"; };
		A09E2B352B8DC08500961823 /* ChartViewController.swift */ = {isa = PBXFileReference; lastKnownFileType = sourcecode.swift; path = ChartViewController.swift; sourceTree = "<group>"; };
		A09E2B382B8DC40A00961823 /* Search.swift */ = {isa = PBXFileReference; lastKnownFileType = sourcecode.swift; path = Search.swift; sourceTree = "<group>"; };
		A09E2B3A2B8DC44B00961823 /* CoinAPIManager.swift */ = {isa = PBXFileReference; lastKnownFileType = sourcecode.swift; path = CoinAPIManager.swift; sourceTree = "<group>"; };
		A09E2B3C2B8DC5B500961823 /* CoinAPI.swift */ = {isa = PBXFileReference; lastKnownFileType = sourcecode.swift; path = CoinAPI.swift; sourceTree = "<group>"; };
		A09E2B432B8DF83300961823 /* MyFavoriteCollectionViewCell.swift */ = {isa = PBXFileReference; lastKnownFileType = sourcecode.swift; path = MyFavoriteCollectionViewCell.swift; sourceTree = "<group>"; };
		A09E2B462B8DFAF600961823 /* CoinInfoBox.swift */ = {isa = PBXFileReference; lastKnownFileType = sourcecode.swift; path = CoinInfoBox.swift; sourceTree = "<group>"; };
		A09E2B482B8E03ED00961823 /* Market.swift */ = {isa = PBXFileReference; lastKnownFileType = sourcecode.swift; path = Market.swift; sourceTree = "<group>"; };
		A09E2B4A2B8E058400961823 /* ChartViewModel.swift */ = {isa = PBXFileReference; lastKnownFileType = sourcecode.swift; path = ChartViewModel.swift; sourceTree = "<group>"; };
		A09E2B4D2B8EBB8800961823 /* FavoriteCollectoinViewCell.swift */ = {isa = PBXFileReference; lastKnownFileType = sourcecode.swift; path = FavoriteCollectoinViewCell.swift; sourceTree = "<group>"; };
		A09E2B732B8F03E500961823 /* TopRankCollectionViewCell.swift */ = {isa = PBXFileReference; lastKnownFileType = sourcecode.swift; path = TopRankCollectionViewCell.swift; sourceTree = "<group>"; };
		A09E2B752B8F1DAD00961823 /* SeparatorCollectionReusableView.swift */ = {isa = PBXFileReference; lastKnownFileType = sourcecode.swift; path = SeparatorCollectionReusableView.swift; sourceTree = "<group>"; };
		A09E2B772B8F22E100961823 /* HeaderCollectionViewCell.swift */ = {isa = PBXFileReference; lastKnownFileType = sourcecode.swift; path = HeaderCollectionViewCell.swift; sourceTree = "<group>"; };
		A09E2B792B8F23AE00961823 /* BaseCollectionReusableView.swift */ = {isa = PBXFileReference; lastKnownFileType = sourcecode.swift; path = BaseCollectionReusableView.swift; sourceTree = "<group>"; };
		A09E2B7B2B8F281700961823 /* Trending.swift */ = {isa = PBXFileReference; lastKnownFileType = sourcecode.swift; path = Trending.swift; sourceTree = "<group>"; };
		A09E2B832B8F6E4700961823 /* UIViewController+Extension.swift */ = {isa = PBXFileReference; lastKnownFileType = sourcecode.swift; path = "UIViewController+Extension.swift"; sourceTree = "<group>"; };
/* End PBXFileReference section */

/* Begin PBXFrameworksBuildPhase section */
		A09E2AEC2B8DA9AD00961823 /* Frameworks */ = {
			isa = PBXFrameworksBuildPhase;
			buildActionMask = 2147483647;
			files = (
				A09E2B422B8DDDE100961823 /* Kingfisher in Frameworks */,
				A09E2B1E2B8DB31B00961823 /* RealmSwift in Frameworks */,
				A09E2B1C2B8DB31B00961823 /* Realm in Frameworks */,
				A09E2B162B8DB2EE00961823 /* SnapKit in Frameworks */,
				A09E2B212B8DB32800961823 /* Toast in Frameworks */,
				A09E2B7F2B8F371000961823 /* DGCharts in Frameworks */,
				A09E2B192B8DB2FA00961823 /* Alamofire in Frameworks */,
			);
			runOnlyForDeploymentPostprocessing = 0;
		};
/* End PBXFrameworksBuildPhase section */

/* Begin PBXGroup section */
		A0327A362B9527B0001318C3 /* Cell */ = {
			isa = PBXGroup;
			children = (
				A0327A342B9527AD001318C3 /* ProfileTableViewCell.swift */,
			);
			path = Cell;
			sourceTree = "<group>";
		};
		A03718832B90352500AF5570 /* Realm */ = {
			isa = PBXGroup;
			children = (
				A03718812B90208B00AF5570 /* RealmModel.swift */,
				A03718842B90353600AF5570 /* RealmRepository.swift */,
			);
			path = Realm;
			sourceTree = "<group>";
		};
		A03718882B90B33B00AF5570 /* Cell */ = {
			isa = PBXGroup;
			children = (
				A03718892B90B34F00AF5570 /* ChartsInfoCollectionViewCell.swift */,
			);
			path = Cell;
			sourceTree = "<group>";
		};
		A09E2AE62B8DA9AD00961823 = {
			isa = PBXGroup;
			children = (
				A09E2AF12B8DA9AD00961823 /* CryptoCoinChart */,
				A09E2AF02B8DA9AD00961823 /* Products */,
			);
			sourceTree = "<group>";
		};
		A09E2AF02B8DA9AD00961823 /* Products */ = {
			isa = PBXGroup;
			children = (
				A09E2AEF2B8DA9AD00961823 /* CryptoCoinChart.app */,
			);
			name = Products;
			sourceTree = "<group>";
		};
		A09E2AF12B8DA9AD00961823 /* CryptoCoinChart */ = {
			isa = PBXGroup;
			children = (
				A03718832B90352500AF5570 /* Realm */,
				A09E2B092B8DB16700961823 /* App */,
				A09E2B062B8DAA7C00961823 /* Base */,
				A09E2B3E2B8DD7EF00961823 /* Model */,
				A09E2B372B8DC3D300961823 /* NetWork */,
				A09E2B222B8DB3E100961823 /* Protocol */,
				A09E2B0F2B8DB29400961823 /* Trending */,
				A09E2B0E2B8DB28C00961823 /* Search */,
				A09E2B102B8DB2A300961823 /* Favorite */,
				A09E2B112B8DB2B100961823 /* Chart */,
				A09E2B322B8DBE3200961823 /* Profile */,
				A09E2B822B8F6E1F00961823 /* Extension */,
				A09E2B3F2B8DD80A00961823 /* Components */,
				A09E2AF82B8DA9AD00961823 /* Main.storyboard */,
				A09E2AFB2B8DA9B000961823 /* Assets.xcassets */,
				A09E2AFD2B8DA9B000961823 /* LaunchScreen.storyboard */,
				A09E2B002B8DA9B000961823 /* Info.plist */,
			);
			path = CryptoCoinChart;
			sourceTree = "<group>";
		};
		A09E2B062B8DAA7C00961823 /* Base */ = {
			isa = PBXGroup;
			children = (
				A09E2B072B8DAA8900961823 /* BaseViewController.swift */,
				A09E2B0A2B8DB1B000961823 /* BaseTableViewCell.swift */,
				A09E2B0C2B8DB1F400961823 /* BaseCollectionViewCell.swift */,
				A09E2B792B8F23AE00961823 /* BaseCollectionReusableView.swift */,
			);
			path = Base;
			sourceTree = "<group>";
		};
		A09E2B092B8DB16700961823 /* App */ = {
			isa = PBXGroup;
			children = (
				A09E2AF22B8DA9AD00961823 /* AppDelegate.swift */,
				A09E2AF42B8DA9AD00961823 /* SceneDelegate.swift */,
			);
			path = App;
			sourceTree = "<group>";
		};
		A09E2B0E2B8DB28C00961823 /* Search */ = {
			isa = PBXGroup;
			children = (
				A09E2B292B8DB5BB00961823 /* Cell */,
				A09E2B122B8DB2CE00961823 /* SearchViewController.swift */,
				A09E2B252B8DB43000961823 /* SearchViewModel.swift */,
			);
			path = Search;
			sourceTree = "<group>";
		};
		A09E2B0F2B8DB29400961823 /* Trending */ = {
			isa = PBXGroup;
			children = (
				A09E2B2E2B8DBDF600961823 /* TrendingViewController.swift */,
				A0327A2C2B94B6B5001318C3 /* TrendingViewModel.swift */,
				A09E2B452B8DF83500961823 /* Cell */,
			);
			path = Trending;
			sourceTree = "<group>";
		};
		A09E2B102B8DB2A300961823 /* Favorite */ = {
			isa = PBXGroup;
			children = (
				A09E2B4C2B8EBB4B00961823 /* Cell */,
				A09E2B302B8DBE0F00961823 /* FavoriteViewController.swift */,
				A0536C5B2B943C3800C35738 /* FavoriteViewModel.swift */,
			);
			path = Favorite;
			sourceTree = "<group>";
		};
		A09E2B112B8DB2B100961823 /* Chart */ = {
			isa = PBXGroup;
			children = (
				A03718882B90B33B00AF5570 /* Cell */,
				A09E2B4A2B8E058400961823 /* ChartViewModel.swift */,
				A09E2B352B8DC08500961823 /* ChartViewController.swift */,
			);
			path = Chart;
			sourceTree = "<group>";
		};
		A09E2B222B8DB3E100961823 /* Protocol */ = {
			isa = PBXGroup;
			children = (
				A09E2B232B8DB3EE00961823 /* Observable.swift */,
			);
			path = Protocol;
			sourceTree = "<group>";
		};
		A09E2B292B8DB5BB00961823 /* Cell */ = {
			isa = PBXGroup;
			children = (
				A09E2B272B8DB5B800961823 /* SearchTableViewCell.swift */,
			);
			path = Cell;
			sourceTree = "<group>";
		};
		A09E2B322B8DBE3200961823 /* Profile */ = {
			isa = PBXGroup;
			children = (
				A0327A362B9527B0001318C3 /* Cell */,
				A09E2B332B8DBE5E00961823 /* ProfileViewController.swift */,
			);
			path = Profile;
			sourceTree = "<group>";
		};
		A09E2B372B8DC3D300961823 /* NetWork */ = {
			isa = PBXGroup;
			children = (
				A09E2B3A2B8DC44B00961823 /* CoinAPIManager.swift */,
				A09E2B3C2B8DC5B500961823 /* CoinAPI.swift */,
			);
			path = NetWork;
			sourceTree = "<group>";
		};
		A09E2B3E2B8DD7EF00961823 /* Model */ = {
			isa = PBXGroup;
			children = (
				A09E2B382B8DC40A00961823 /* Search.swift */,
				A09E2B482B8E03ED00961823 /* Market.swift */,
				A09E2B7B2B8F281700961823 /* Trending.swift */,
			);
			path = Model;
			sourceTree = "<group>";
		};
		A09E2B3F2B8DD80A00961823 /* Components */ = {
			isa = PBXGroup;
			children = (
				A09E2B2A2B8DBCC200961823 /* CustomTabBarController.swift */,
				A09E2B2C2B8DBCEB00961823 /* CustomNavigationController.swift */,
				A09E2B462B8DFAF600961823 /* CoinInfoBox.swift */,
			);
			path = Components;
			sourceTree = "<group>";
		};
		A09E2B452B8DF83500961823 /* Cell */ = {
			isa = PBXGroup;
			children = (
				A09E2B432B8DF83300961823 /* MyFavoriteCollectionViewCell.swift */,
				A09E2B732B8F03E500961823 /* TopRankCollectionViewCell.swift */,
				A09E2B752B8F1DAD00961823 /* SeparatorCollectionReusableView.swift */,
				A09E2B772B8F22E100961823 /* HeaderCollectionViewCell.swift */,
				A0327A322B952456001318C3 /* MoreCollectionViewCell.swift */,
			);
			path = Cell;
			sourceTree = "<group>";
		};
		A09E2B4C2B8EBB4B00961823 /* Cell */ = {
			isa = PBXGroup;
			children = (
				A09E2B4D2B8EBB8800961823 /* FavoriteCollectoinViewCell.swift */,
			);
			path = Cell;
			sourceTree = "<group>";
		};
		A09E2B822B8F6E1F00961823 /* Extension */ = {
			isa = PBXGroup;
			children = (
				A0327A2E2B94EC4F001318C3 /* Number+Extesion.swift */,
				A09E2B832B8F6E4700961823 /* UIViewController+Extension.swift */,
				A0327A302B95219B001318C3 /* Date+Extension.swift */,
			);
			path = Extension;
			sourceTree = "<group>";
		};
/* End PBXGroup section */

/* Begin PBXNativeTarget section */
		A09E2AEE2B8DA9AD00961823 /* CryptoCoinChart */ = {
			isa = PBXNativeTarget;
			buildConfigurationList = A09E2B032B8DA9B000961823 /* Build configuration list for PBXNativeTarget "CryptoCoinChart" */;
			buildPhases = (
				A09E2AEB2B8DA9AD00961823 /* Sources */,
				A09E2AEC2B8DA9AD00961823 /* Frameworks */,
				A09E2AED2B8DA9AD00961823 /* Resources */,
			);
			buildRules = (
			);
			dependencies = (
			);
			name = CryptoCoinChart;
			packageProductDependencies = (
				A09E2B152B8DB2EE00961823 /* SnapKit */,
				A09E2B182B8DB2FA00961823 /* Alamofire */,
				A09E2B1B2B8DB31B00961823 /* Realm */,
				A09E2B1D2B8DB31B00961823 /* RealmSwift */,
				A09E2B202B8DB32800961823 /* Toast */,
				A09E2B412B8DDDE100961823 /* Kingfisher */,
				A09E2B7E2B8F371000961823 /* DGCharts */,
			);
			productName = SeSACCoin;
			productReference = A09E2AEF2B8DA9AD00961823 /* CryptoCoinChart.app */;
			productType = "com.apple.product-type.application";
		};
/* End PBXNativeTarget section */

/* Begin PBXProject section */
		A09E2AE72B8DA9AD00961823 /* Project object */ = {
			isa = PBXProject;
			attributes = {
				BuildIndependentTargetsInParallel = 1;
				LastSwiftUpdateCheck = 1520;
				LastUpgradeCheck = 1520;
				TargetAttributes = {
					A09E2AEE2B8DA9AD00961823 = {
						CreatedOnToolsVersion = 15.2;
					};
				};
			};
			buildConfigurationList = A09E2AEA2B8DA9AD00961823 /* Build configuration list for PBXProject "CryptoCoinChart" */;
			compatibilityVersion = "Xcode 14.0";
			developmentRegion = en;
			hasScannedForEncodings = 0;
			knownRegions = (
				en,
				Base,
			);
			mainGroup = A09E2AE62B8DA9AD00961823;
			packageReferences = (
				A09E2B142B8DB2EE00961823 /* XCRemoteSwiftPackageReference "SnapKit" */,
				A09E2B172B8DB2FA00961823 /* XCRemoteSwiftPackageReference "Alamofire" */,
				A09E2B1A2B8DB31B00961823 /* XCRemoteSwiftPackageReference "realm-swift" */,
				A09E2B1F2B8DB32800961823 /* XCRemoteSwiftPackageReference "Toast-Swift" */,
				A09E2B402B8DDDE100961823 /* XCRemoteSwiftPackageReference "Kingfisher" */,
				A09E2B7D2B8F371000961823 /* XCRemoteSwiftPackageReference "Charts" */,
			);
			productRefGroup = A09E2AF02B8DA9AD00961823 /* Products */;
			projectDirPath = "";
			projectRoot = "";
			targets = (
				A09E2AEE2B8DA9AD00961823 /* CryptoCoinChart */,
			);
		};
/* End PBXProject section */

/* Begin PBXResourcesBuildPhase section */
		A09E2AED2B8DA9AD00961823 /* Resources */ = {
			isa = PBXResourcesBuildPhase;
			buildActionMask = 2147483647;
			files = (
				A09E2AFF2B8DA9B000961823 /* LaunchScreen.storyboard in Resources */,
				A09E2AFC2B8DA9B000961823 /* Assets.xcassets in Resources */,
				A09E2AFA2B8DA9AD00961823 /* Main.storyboard in Resources */,
			);
			runOnlyForDeploymentPostprocessing = 0;
		};
/* End PBXResourcesBuildPhase section */

/* Begin PBXSourcesBuildPhase section */
		A09E2AEB2B8DA9AD00961823 /* Sources */ = {
			isa = PBXSourcesBuildPhase;
			buildActionMask = 2147483647;
			files = (
				A09E2B842B8F6E4700961823 /* UIViewController+Extension.swift in Sources */,
				A09E2B2D2B8DBCEB00961823 /* CustomNavigationController.swift in Sources */,
				A09E2B3D2B8DC5B500961823 /* CoinAPI.swift in Sources */,
				A09E2B492B8E03ED00961823 /* Market.swift in Sources */,
				A037188A2B90B34F00AF5570 /* ChartsInfoCollectionViewCell.swift in Sources */,
				A09E2B282B8DB5B800961823 /* SearchTableViewCell.swift in Sources */,
				A09E2B132B8DB2CE00961823 /* SearchViewController.swift in Sources */,
				A0327A352B9527AE001318C3 /* ProfileTableViewCell.swift in Sources */,
				A09E2B2B2B8DBCC200961823 /* CustomTabBarController.swift in Sources */,
				A03718852B90353600AF5570 /* RealmRepository.swift in Sources */,
				A09E2B342B8DBE5E00961823 /* ProfileViewController.swift in Sources */,
				A09E2B082B8DAA8900961823 /* BaseViewController.swift in Sources */,
				A09E2B2F2B8DBDF600961823 /* TrendingViewController.swift in Sources */,
				A09E2B262B8DB43000961823 /* SearchViewModel.swift in Sources */,
				A09E2B7C2B8F281700961823 /* Trending.swift in Sources */,
				A0327A2F2B94EC4F001318C3 /* Number+Extesion.swift in Sources */,
				A09E2AF32B8DA9AD00961823 /* AppDelegate.swift in Sources */,
				A0536C5C2B943C3800C35738 /* FavoriteViewModel.swift in Sources */,
				A0327A312B95219B001318C3 /* Date+Extension.swift in Sources */,
				A09E2B242B8DB3EE00961823 /* Observable.swift in Sources */,
				A09E2B742B8F03E500961823 /* TopRankCollectionViewCell.swift in Sources */,
				A09E2B312B8DBE0F00961823 /* FavoriteViewController.swift in Sources */,
				A09E2B4E2B8EBB8800961823 /* FavoriteCollectoinViewCell.swift in Sources */,
				A09E2B782B8F22E100961823 /* HeaderCollectionViewCell.swift in Sources */,
				A09E2B4B2B8E058400961823 /* ChartViewModel.swift in Sources */,
				A09E2B0B2B8DB1B000961823 /* BaseTableViewCell.swift in Sources */,
				A09E2B472B8DFAF600961823 /* CoinInfoBox.swift in Sources */,
				A0327A2D2B94B6B5001318C3 /* TrendingViewModel.swift in Sources */,
				A09E2B3B2B8DC44B00961823 /* CoinAPIManager.swift in Sources */,
				A03718822B90208B00AF5570 /* RealmModel.swift in Sources */,
				A09E2B442B8DF83300961823 /* MyFavoriteCollectionViewCell.swift in Sources */,
				A09E2B7A2B8F23AE00961823 /* BaseCollectionReusableView.swift in Sources */,
				A09E2AF52B8DA9AD00961823 /* SceneDelegate.swift in Sources */,
				A0327A332B952456001318C3 /* MoreCollectionViewCell.swift in Sources */,
				A09E2B762B8F1DAD00961823 /* SeparatorCollectionReusableView.swift in Sources */,
				A09E2B392B8DC40A00961823 /* Search.swift in Sources */,
				A09E2B0D2B8DB1F400961823 /* BaseCollectionViewCell.swift in Sources */,
				A09E2B362B8DC08500961823 /* ChartViewController.swift in Sources */,
			);
			runOnlyForDeploymentPostprocessing = 0;
		};
/* End PBXSourcesBuildPhase section */

/* Begin PBXVariantGroup section */
		A09E2AF82B8DA9AD00961823 /* Main.storyboard */ = {
			isa = PBXVariantGroup;
			children = (
				A09E2AF92B8DA9AD00961823 /* Base */,
			);
			name = Main.storyboard;
			sourceTree = "<group>";
		};
		A09E2AFD2B8DA9B000961823 /* LaunchScreen.storyboard */ = {
			isa = PBXVariantGroup;
			children = (
				A09E2AFE2B8DA9B000961823 /* Base */,
			);
			name = LaunchScreen.storyboard;
			sourceTree = "<group>";
		};
/* End PBXVariantGroup section */

/* Begin XCBuildConfiguration section */
		A09E2B012B8DA9B000961823 /* Debug */ = {
			isa = XCBuildConfiguration;
			buildSettings = {
				ALWAYS_SEARCH_USER_PATHS = NO;
				ASSETCATALOG_COMPILER_GENERATE_SWIFT_ASSET_SYMBOL_EXTENSIONS = YES;
				CLANG_ANALYZER_NONNULL = YES;
				CLANG_ANALYZER_NUMBER_OBJECT_CONVERSION = YES_AGGRESSIVE;
				CLANG_CXX_LANGUAGE_STANDARD = "gnu++20";
				CLANG_ENABLE_MODULES = YES;
				CLANG_ENABLE_OBJC_ARC = YES;
				CLANG_ENABLE_OBJC_WEAK = YES;
				CLANG_WARN_BLOCK_CAPTURE_AUTORELEASING = YES;
				CLANG_WARN_BOOL_CONVERSION = YES;
				CLANG_WARN_COMMA = YES;
				CLANG_WARN_CONSTANT_CONVERSION = YES;
				CLANG_WARN_DEPRECATED_OBJC_IMPLEMENTATIONS = YES;
				CLANG_WARN_DIRECT_OBJC_ISA_USAGE = YES_ERROR;
				CLANG_WARN_DOCUMENTATION_COMMENTS = YES;
				CLANG_WARN_EMPTY_BODY = YES;
				CLANG_WARN_ENUM_CONVERSION = YES;
				CLANG_WARN_INFINITE_RECURSION = YES;
				CLANG_WARN_INT_CONVERSION = YES;
				CLANG_WARN_NON_LITERAL_NULL_CONVERSION = YES;
				CLANG_WARN_OBJC_IMPLICIT_RETAIN_SELF = YES;
				CLANG_WARN_OBJC_LITERAL_CONVERSION = YES;
				CLANG_WARN_OBJC_ROOT_CLASS = YES_ERROR;
				CLANG_WARN_QUOTED_INCLUDE_IN_FRAMEWORK_HEADER = YES;
				CLANG_WARN_RANGE_LOOP_ANALYSIS = YES;
				CLANG_WARN_STRICT_PROTOTYPES = YES;
				CLANG_WARN_SUSPICIOUS_MOVE = YES;
				CLANG_WARN_UNGUARDED_AVAILABILITY = YES_AGGRESSIVE;
				CLANG_WARN_UNREACHABLE_CODE = YES;
				CLANG_WARN__DUPLICATE_METHOD_MATCH = YES;
				COPY_PHASE_STRIP = NO;
				DEBUG_INFORMATION_FORMAT = dwarf;
				ENABLE_STRICT_OBJC_MSGSEND = YES;
				ENABLE_TESTABILITY = YES;
				ENABLE_USER_SCRIPT_SANDBOXING = YES;
				GCC_C_LANGUAGE_STANDARD = gnu17;
				GCC_DYNAMIC_NO_PIC = NO;
				GCC_NO_COMMON_BLOCKS = YES;
				GCC_OPTIMIZATION_LEVEL = 0;
				GCC_PREPROCESSOR_DEFINITIONS = (
					"DEBUG=1",
					"$(inherited)",
				);
				GCC_WARN_64_TO_32_BIT_CONVERSION = YES;
				GCC_WARN_ABOUT_RETURN_TYPE = YES_ERROR;
				GCC_WARN_UNDECLARED_SELECTOR = YES;
				GCC_WARN_UNINITIALIZED_AUTOS = YES_AGGRESSIVE;
				GCC_WARN_UNUSED_FUNCTION = YES;
				GCC_WARN_UNUSED_VARIABLE = YES;
				IPHONEOS_DEPLOYMENT_TARGET = 17.2;
				LOCALIZATION_PREFERS_STRING_CATALOGS = YES;
				MTL_ENABLE_DEBUG_INFO = INCLUDE_SOURCE;
				MTL_FAST_MATH = YES;
				ONLY_ACTIVE_ARCH = YES;
				SDKROOT = iphoneos;
				SWIFT_ACTIVE_COMPILATION_CONDITIONS = "DEBUG $(inherited)";
				SWIFT_OPTIMIZATION_LEVEL = "-Onone";
			};
			name = Debug;
		};
		A09E2B022B8DA9B000961823 /* Release */ = {
			isa = XCBuildConfiguration;
			buildSettings = {
				ALWAYS_SEARCH_USER_PATHS = NO;
				ASSETCATALOG_COMPILER_GENERATE_SWIFT_ASSET_SYMBOL_EXTENSIONS = YES;
				CLANG_ANALYZER_NONNULL = YES;
				CLANG_ANALYZER_NUMBER_OBJECT_CONVERSION = YES_AGGRESSIVE;
				CLANG_CXX_LANGUAGE_STANDARD = "gnu++20";
				CLANG_ENABLE_MODULES = YES;
				CLANG_ENABLE_OBJC_ARC = YES;
				CLANG_ENABLE_OBJC_WEAK = YES;
				CLANG_WARN_BLOCK_CAPTURE_AUTORELEASING = YES;
				CLANG_WARN_BOOL_CONVERSION = YES;
				CLANG_WARN_COMMA = YES;
				CLANG_WARN_CONSTANT_CONVERSION = YES;
				CLANG_WARN_DEPRECATED_OBJC_IMPLEMENTATIONS = YES;
				CLANG_WARN_DIRECT_OBJC_ISA_USAGE = YES_ERROR;
				CLANG_WARN_DOCUMENTATION_COMMENTS = YES;
				CLANG_WARN_EMPTY_BODY = YES;
				CLANG_WARN_ENUM_CONVERSION = YES;
				CLANG_WARN_INFINITE_RECURSION = YES;
				CLANG_WARN_INT_CONVERSION = YES;
				CLANG_WARN_NON_LITERAL_NULL_CONVERSION = YES;
				CLANG_WARN_OBJC_IMPLICIT_RETAIN_SELF = YES;
				CLANG_WARN_OBJC_LITERAL_CONVERSION = YES;
				CLANG_WARN_OBJC_ROOT_CLASS = YES_ERROR;
				CLANG_WARN_QUOTED_INCLUDE_IN_FRAMEWORK_HEADER = YES;
				CLANG_WARN_RANGE_LOOP_ANALYSIS = YES;
				CLANG_WARN_STRICT_PROTOTYPES = YES;
				CLANG_WARN_SUSPICIOUS_MOVE = YES;
				CLANG_WARN_UNGUARDED_AVAILABILITY = YES_AGGRESSIVE;
				CLANG_WARN_UNREACHABLE_CODE = YES;
				CLANG_WARN__DUPLICATE_METHOD_MATCH = YES;
				COPY_PHASE_STRIP = NO;
				DEBUG_INFORMATION_FORMAT = "dwarf-with-dsym";
				ENABLE_NS_ASSERTIONS = NO;
				ENABLE_STRICT_OBJC_MSGSEND = YES;
				ENABLE_USER_SCRIPT_SANDBOXING = YES;
				GCC_C_LANGUAGE_STANDARD = gnu17;
				GCC_NO_COMMON_BLOCKS = YES;
				GCC_WARN_64_TO_32_BIT_CONVERSION = YES;
				GCC_WARN_ABOUT_RETURN_TYPE = YES_ERROR;
				GCC_WARN_UNDECLARED_SELECTOR = YES;
				GCC_WARN_UNINITIALIZED_AUTOS = YES_AGGRESSIVE;
				GCC_WARN_UNUSED_FUNCTION = YES;
				GCC_WARN_UNUSED_VARIABLE = YES;
				IPHONEOS_DEPLOYMENT_TARGET = 17.2;
				LOCALIZATION_PREFERS_STRING_CATALOGS = YES;
				MTL_ENABLE_DEBUG_INFO = NO;
				MTL_FAST_MATH = YES;
				SDKROOT = iphoneos;
				SWIFT_COMPILATION_MODE = wholemodule;
				VALIDATE_PRODUCT = YES;
			};
			name = Release;
		};
		A09E2B042B8DA9B000961823 /* Debug */ = {
			isa = XCBuildConfiguration;
			buildSettings = {
				ASSETCATALOG_COMPILER_APPICON_NAME = AppIcon;
				ASSETCATALOG_COMPILER_GLOBAL_ACCENT_COLOR_NAME = AccentColor;
				CODE_SIGN_STYLE = Automatic;
				CURRENT_PROJECT_VERSION = 1;
				DEVELOPMENT_TEAM = 47VP7M3T34;
				GENERATE_INFOPLIST_FILE = YES;
				INFOPLIST_FILE = CryptoCoinChart/Info.plist;
				INFOPLIST_KEY_CFBundleDisplayName = CryptoCoinChart;
				INFOPLIST_KEY_UIApplicationSupportsIndirectInputEvents = YES;
				INFOPLIST_KEY_UILaunchStoryboardName = LaunchScreen;
				INFOPLIST_KEY_UIMainStoryboardFile = Main;
				INFOPLIST_KEY_UISupportedInterfaceOrientations = UIInterfaceOrientationPortrait;
				INFOPLIST_KEY_UISupportedInterfaceOrientations_iPad = "UIInterfaceOrientationLandscapeLeft UIInterfaceOrientationLandscapeRight UIInterfaceOrientationPortrait UIInterfaceOrientationPortraitUpsideDown";
				IPHONEOS_DEPLOYMENT_TARGET = 15.0;
				LD_RUNPATH_SEARCH_PATHS = (
					"$(inherited)",
					"@executable_path/Frameworks",
				);
				MARKETING_VERSION = 1.0;
				PRODUCT_BUNDLE_IDENTIFIER = com.Seou.CryptoCoinChart;
				PRODUCT_NAME = "$(TARGET_NAME)";
				SUPPORTED_PLATFORMS = "iphoneos iphonesimulator";
				SUPPORTS_MACCATALYST = NO;
				SUPPORTS_MAC_DESIGNED_FOR_IPHONE_IPAD = NO;
				SUPPORTS_XR_DESIGNED_FOR_IPHONE_IPAD = NO;
				SWIFT_EMIT_LOC_STRINGS = YES;
				SWIFT_VERSION = 5.0;
				TARGETED_DEVICE_FAMILY = 1;
			};
			name = Debug;
		};
		A09E2B052B8DA9B000961823 /* Release */ = {
			isa = XCBuildConfiguration;
			buildSettings = {
				ASSETCATALOG_COMPILER_APPICON_NAME = AppIcon;
				ASSETCATALOG_COMPILER_GLOBAL_ACCENT_COLOR_NAME = AccentColor;
				CODE_SIGN_STYLE = Automatic;
				CURRENT_PROJECT_VERSION = 1;
				DEVELOPMENT_TEAM = 47VP7M3T34;
				GENERATE_INFOPLIST_FILE = YES;
				INFOPLIST_FILE = CryptoCoinChart/Info.plist;
				INFOPLIST_KEY_CFBundleDisplayName = CryptoCoinChart;
				INFOPLIST_KEY_UIApplicationSupportsIndirectInputEvents = YES;
				INFOPLIST_KEY_UILaunchStoryboardName = LaunchScreen;
				INFOPLIST_KEY_UIMainStoryboardFile = Main;
				INFOPLIST_KEY_UISupportedInterfaceOrientations = UIInterfaceOrientationPortrait;
				INFOPLIST_KEY_UISupportedInterfaceOrientations_iPad = "UIInterfaceOrientationLandscapeLeft UIInterfaceOrientationLandscapeRight UIInterfaceOrientationPortrait UIInterfaceOrientationPortraitUpsideDown";
				IPHONEOS_DEPLOYMENT_TARGET = 15.0;
				LD_RUNPATH_SEARCH_PATHS = (
					"$(inherited)",
					"@executable_path/Frameworks",
				);
				MARKETING_VERSION = 1.0;
				PRODUCT_BUNDLE_IDENTIFIER = com.Seou.CryptoCoinChart;
				PRODUCT_NAME = "$(TARGET_NAME)";
				SUPPORTED_PLATFORMS = "iphoneos iphonesimulator";
				SUPPORTS_MACCATALYST = NO;
				SUPPORTS_MAC_DESIGNED_FOR_IPHONE_IPAD = NO;
				SUPPORTS_XR_DESIGNED_FOR_IPHONE_IPAD = NO;
				SWIFT_EMIT_LOC_STRINGS = YES;
				SWIFT_VERSION = 5.0;
				TARGETED_DEVICE_FAMILY = 1;
			};
			name = Release;
		};
/* End XCBuildConfiguration section */

/* Begin XCConfigurationList section */
		A09E2AEA2B8DA9AD00961823 /* Build configuration list for PBXProject "CryptoCoinChart" */ = {
			isa = XCConfigurationList;
			buildConfigurations = (
				A09E2B012B8DA9B000961823 /* Debug */,
				A09E2B022B8DA9B000961823 /* Release */,
			);
			defaultConfigurationIsVisible = 0;
			defaultConfigurationName = Release;
		};
		A09E2B032B8DA9B000961823 /* Build configuration list for PBXNativeTarget "CryptoCoinChart" */ = {
			isa = XCConfigurationList;
			buildConfigurations = (
				A09E2B042B8DA9B000961823 /* Debug */,
				A09E2B052B8DA9B000961823 /* Release */,
			);
			defaultConfigurationIsVisible = 0;
			defaultConfigurationName = Release;
		};
/* End XCConfigurationList section */

/* Begin XCRemoteSwiftPackageReference section */
		A09E2B142B8DB2EE00961823 /* XCRemoteSwiftPackageReference "SnapKit" */ = {
			isa = XCRemoteSwiftPackageReference;
			repositoryURL = "https://github.com/SnapKit/SnapKit.git";
			requirement = {
				kind = upToNextMajorVersion;
				minimumVersion = 5.7.1;
			};
		};
		A09E2B172B8DB2FA00961823 /* XCRemoteSwiftPackageReference "Alamofire" */ = {
			isa = XCRemoteSwiftPackageReference;
			repositoryURL = "https://github.com/Alamofire/Alamofire.git";
			requirement = {
				kind = upToNextMajorVersion;
				minimumVersion = 5.8.1;
			};
		};
		A09E2B1A2B8DB31B00961823 /* XCRemoteSwiftPackageReference "realm-swift" */ = {
			isa = XCRemoteSwiftPackageReference;
			repositoryURL = "https://github.com/realm/realm-swift.git";
			requirement = {
				kind = upToNextMajorVersion;
				minimumVersion = 10.47.0;
			};
		};
		A09E2B1F2B8DB32800961823 /* XCRemoteSwiftPackageReference "Toast-Swift" */ = {
			isa = XCRemoteSwiftPackageReference;
			repositoryURL = "https://github.com/scalessec/Toast-Swift.git";
			requirement = {
				kind = upToNextMajorVersion;
				minimumVersion = 5.1.0;
			};
		};
		A09E2B402B8DDDE100961823 /* XCRemoteSwiftPackageReference "Kingfisher" */ = {
			isa = XCRemoteSwiftPackageReference;
			repositoryURL = "https://github.com/onevcat/Kingfisher.git";
			requirement = {
				kind = upToNextMajorVersion;
				minimumVersion = 7.11.0;
			};
		};
		A09E2B7D2B8F371000961823 /* XCRemoteSwiftPackageReference "Charts" */ = {
			isa = XCRemoteSwiftPackageReference;
			repositoryURL = "https://github.com/danielgindi/Charts.git";
			requirement = {
				kind = upToNextMajorVersion;
				minimumVersion = 5.1.0;
			};
		};
/* End XCRemoteSwiftPackageReference section */

/* Begin XCSwiftPackageProductDependency section */
		A09E2B152B8DB2EE00961823 /* SnapKit */ = {
			isa = XCSwiftPackageProductDependency;
			package = A09E2B142B8DB2EE00961823 /* XCRemoteSwiftPackageReference "SnapKit" */;
			productName = SnapKit;
		};
		A09E2B182B8DB2FA00961823 /* Alamofire */ = {
			isa = XCSwiftPackageProductDependency;
			package = A09E2B172B8DB2FA00961823 /* XCRemoteSwiftPackageReference "Alamofire" */;
			productName = Alamofire;
		};
		A09E2B1B2B8DB31B00961823 /* Realm */ = {
			isa = XCSwiftPackageProductDependency;
			package = A09E2B1A2B8DB31B00961823 /* XCRemoteSwiftPackageReference "realm-swift" */;
			productName = Realm;
		};
		A09E2B1D2B8DB31B00961823 /* RealmSwift */ = {
			isa = XCSwiftPackageProductDependency;
			package = A09E2B1A2B8DB31B00961823 /* XCRemoteSwiftPackageReference "realm-swift" */;
			productName = RealmSwift;
		};
		A09E2B202B8DB32800961823 /* Toast */ = {
			isa = XCSwiftPackageProductDependency;
			package = A09E2B1F2B8DB32800961823 /* XCRemoteSwiftPackageReference "Toast-Swift" */;
			productName = Toast;
		};
		A09E2B412B8DDDE100961823 /* Kingfisher */ = {
			isa = XCSwiftPackageProductDependency;
			package = A09E2B402B8DDDE100961823 /* XCRemoteSwiftPackageReference "Kingfisher" */;
			productName = Kingfisher;
		};
		A09E2B7E2B8F371000961823 /* DGCharts */ = {
			isa = XCSwiftPackageProductDependency;
			package = A09E2B7D2B8F371000961823 /* XCRemoteSwiftPackageReference "Charts" */;
			productName = DGCharts;
		};
/* End XCSwiftPackageProductDependency section */
	};
	rootObject = A09E2AE72B8DA9AD00961823 /* Project object */;
}
